
Microsoft Visual Studio Solution File, Format Version 12.00
# Visual Studio Version 17
VisualStudioVersion = 17.12.35707.178 d17.12
MinimumVisualStudioVersion = 10.0.40219.1
Project("{2150E333-8FDC-42A3-9474-1A3956D46DE8}") = "src", "src", "{08E43410-CED6-4064-BCF0-9670BECCBAC5}"
EndProject
Project("{FAE04EC0-301F-11D3-BF4B-00C04F79EFBC}") = "Bookaro.Domain", "Bookaro.Domain\Bookaro.Domain.csproj", "{DF5FA9BC-AF3A-4D79-AD27-124CB127E830}"
EndProject
Global
	GlobalSection(SolutionConfigurationPlatforms) = preSolution
		Debug|Any CPU = Debug|Any CPU
		Release|Any CPU = Release|Any CPU
	EndGlobalSection
	GlobalSection(ProjectConfigurationPlatforms) = postSolution
		{DF5FA9BC-AF3A-4D79-AD27-124CB127E830}.Debug|Any CPU.ActiveCfg = Debug|Any CPU
		{DF5FA9BC-AF3A-4D79-AD27-124CB127E830}.Debug|Any CPU.Build.0 = Debug|Any CPU
		{DF5FA9BC-AF3A-4D79-AD27-124CB127E830}.Release|Any CPU.ActiveCfg = Release|Any CPU
		{DF5FA9BC-AF3A-4D79-AD27-124CB127E830}.Release|Any CPU.Build.0 = Release|Any CPU
	EndGlobalSection
	GlobalSection(SolutionProperties) = preSolution
		HideSolutionNode = FALSE
	EndGlobalSection
	GlobalSection(NestedProjects) = preSolution
		{DF5FA9BC-AF3A-4D79-AD27-124CB127E830} = {08E43410-CED6-4064-BCF0-9670BECCBAC5}
	EndGlobalSection
EndGlobal
